{
  "nodes": {
    "nixpkgs": {
      "locked": {
        "lastModified": 1751349533,
        "narHash": "sha256-5XRh0mB06/7WYDLu9ZXsx1GhyvvNVZDtPyg34sUCLJs=",
        "owner": "nixos",
        "repo": "nixpkgs",
        "rev": "bdfd0f2afcf764e531d0960c821ab070a6174b15",
        "type": "github"
      },
      "original": {
        "owner": "nixos",
        "repo": "nixpkgs",
        "type": "github"
      }
    },
    "root": {
      "inputs": {
        "nixpkgs": "nixpkgs"
      }
    }
  },
  "root": "root",
  "version": 7
}
