{
  "nodes": {
    "nixpkgs": {
      "locked": {
        "lastModified": 1765204905,
        "narHash": "sha256-xuFDaEr2jAHRWezVlkRc7B1zadcaD4NGcGx2DbpoyDU=",
        "owner": "nixos",
        "repo": "nixpkgs",
        "rev": "96ca3529c27caa2ba3e8c17327ec551193cb12dd",
        "type": "github"
      },
      "original": {
        "owner": "nixos",
        "repo": "nixpkgs",
        "type": "github"
      }
    },
    "root": {
      "inputs": {
        "nixpkgs": "nixpkgs"
      }
    }
  },
  "root": "root",
  "version": 7
}
